// !$*UTF8*$!
{
	archiveVersion = 1;
	classes = {
	};
	objectVersion = 55;
	objects = {

/* Begin PBXBuildFile section */
		323D0A4E285B667B004E7559 /* AppDelegate.swift in Sources */ = {isa = PBXBuildFile; fileRef = 323D0A4D285B667B004E7559 /* AppDelegate.swift */; };
		323D0A52285B667B004E7559 /* ViewController.swift in Sources */ = {isa = PBXBuildFile; fileRef = 323D0A51285B667B004E7559 /* ViewController.swift */; };
		323D0A57285B667C004E7559 /* Assets.xcassets in Resources */ = {isa = PBXBuildFile; fileRef = 323D0A56285B667C004E7559 /* Assets.xcassets */; };
		323D0A5A285B667C004E7559 /* LaunchScreen.storyboard in Resources */ = {isa = PBXBuildFile; fileRef = 323D0A58285B667C004E7559 /* LaunchScreen.storyboard */; };
		323D0A65285B667C004E7559 /* UIKitHelpersExampleAppTests.swift in Sources */ = {isa = PBXBuildFile; fileRef = 323D0A64285B667C004E7559 /* UIKitHelpersExampleAppTests.swift */; };
		32F4FF8A285B67C8000B92B6 /* UIKitHelpers in Frameworks */ = {isa = PBXBuildFile; productRef = 32F4FF89285B67C8000B92B6 /* UIKitHelpers */; };
/* End PBXBuildFile section */

/* Begin PBXContainerItemProxy section */
		323D0A61285B667C004E7559 /* PBXContainerItemProxy */ = {
			isa = PBXContainerItemProxy;
			containerPortal = 323D0A42285B667B004E7559 /* Project object */;
			proxyType = 1;
			remoteGlobalIDString = 323D0A49285B667B004E7559;
			remoteInfo = UIKitHelpersExampleApp;
		};
/* End PBXContainerItemProxy section */

/* Begin PBXFileReference section */
		323D0A4A285B667B004E7559 /* UIKitHelpersExampleApp.app */ = {isa = PBXFileReference; explicitFileType = wrapper.application; includeInIndex = 0; path = UIKitHelpersExampleApp.app; sourceTree = BUILT_PRODUCTS_DIR; };
		323D0A4D285B667B004E7559 /* AppDelegate.swift */ = {isa = PBXFileReference; lastKnownFileType = sourcecode.swift; path = AppDelegate.swift; sourceTree = "<group>"; };
		323D0A51285B667B004E7559 /* ViewController.swift */ = {isa = PBXFileReference; lastKnownFileType = sourcecode.swift; path = ViewController.swift; sourceTree = "<group>"; };
		323D0A56285B667C004E7559 /* Assets.xcassets */ = {isa = PBXFileReference; lastKnownFileType = folder.assetcatalog; path = Assets.xcassets; sourceTree = "<group>"; };
		323D0A59285B667C004E7559 /* Base */ = {isa = PBXFileReference; lastKnownFileType = file.storyboard; name = Base; path = Base.lproj/LaunchScreen.storyboard; sourceTree = "<group>"; };
		323D0A5B285B667C004E7559 /* Info.plist */ = {isa = PBXFileReference; lastKnownFileType = text.plist.xml; path = Info.plist; sourceTree = "<group>"; };
		323D0A60285B667C004E7559 /* UIKitHelpersExampleAppTests.xctest */ = {isa = PBXFileReference; explicitFileType = wrapper.cfbundle; includeInIndex = 0; path = UIKitHelpersExampleAppTests.xctest; sourceTree = BUILT_PRODUCTS_DIR; };
		323D0A64285B667C004E7559 /* UIKitHelpersExampleAppTests.swift */ = {isa = PBXFileReference; lastKnownFileType = sourcecode.swift; path = UIKitHelpersExampleAppTests.swift; sourceTree = "<group>"; };
		32F4FF87285B67B9000B92B6 /* UIKitHelpers */ = {isa = PBXFileReference; lastKnownFileType = wrapper; name = UIKitHelpers; path = ..; sourceTree = "<group>"; };
/* End PBXFileReference section */

/* Begin PBXFrameworksBuildPhase section */
		323D0A47285B667B004E7559 /* Frameworks */ = {
			isa = PBXFrameworksBuildPhase;
			buildActionMask = 2147483647;
			files = (
				32F4FF8A285B67C8000B92B6 /* UIKitHelpers in Frameworks */,
			);
			runOnlyForDeploymentPostprocessing = 0;
		};
		323D0A5D285B667C004E7559 /* Frameworks */ = {
			isa = PBXFrameworksBuildPhase;
			buildActionMask = 2147483647;
			files = (
			);
			runOnlyForDeploymentPostprocessing = 0;
		};
/* End PBXFrameworksBuildPhase section */

/* Begin PBXGroup section */
		323D0A41285B667B004E7559 = {
			isa = PBXGroup;
			children = (
				32F4FF86285B67B9000B92B6 /* Packages */,
				323D0A4C285B667B004E7559 /* UIKitHelpersExampleApp */,
				323D0A63285B667C004E7559 /* UIKitHelpersExampleAppTests */,
				323D0A4B285B667B004E7559 /* Products */,
				32F4FF88285B67C8000B92B6 /* Frameworks */,
			);
			sourceTree = "<group>";
		};
		323D0A4B285B667B004E7559 /* Products */ = {
			isa = PBXGroup;
			children = (
				323D0A4A285B667B004E7559 /* UIKitHelpersExampleApp.app */,
				323D0A60285B667C004E7559 /* UIKitHelpersExampleAppTests.xctest */,
			);
			name = Products;
			sourceTree = "<group>";
		};
		323D0A4C285B667B004E7559 /* UIKitHelpersExampleApp */ = {
			isa = PBXGroup;
			children = (
				323D0A4D285B667B004E7559 /* AppDelegate.swift */,
				323D0A51285B667B004E7559 /* ViewController.swift */,
				323D0A56285B667C004E7559 /* Assets.xcassets */,
				323D0A58285B667C004E7559 /* LaunchScreen.storyboard */,
				323D0A5B285B667C004E7559 /* Info.plist */,
			);
			path = UIKitHelpersExampleApp;
			sourceTree = "<group>";
		};
		323D0A63285B667C004E7559 /* UIKitHelpersExampleAppTests */ = {
			isa = PBXGroup;
			children = (
				323D0A64285B667C004E7559 /* UIKitHelpersExampleAppTests.swift */,
			);
			path = UIKitHelpersExampleAppTests;
			sourceTree = "<group>";
		};
		32F4FF86285B67B9000B92B6 /* Packages */ = {
			isa = PBXGroup;
			children = (
				32F4FF87285B67B9000B92B6 /* UIKitHelpers */,
			);
			name = Packages;
			sourceTree = "<group>";
		};
		32F4FF88285B67C8000B92B6 /* Frameworks */ = {
			isa = PBXGroup;
			children = (
			);
			name = Frameworks;
			sourceTree = "<group>";
		};
/* End PBXGroup section */

/* Begin PBXNativeTarget section */
		323D0A49285B667B004E7559 /* UIKitHelpersExampleApp */ = {
			isa = PBXNativeTarget;
			buildConfigurationList = 323D0A74285B667C004E7559 /* Build configuration list for PBXNativeTarget "UIKitHelpersExampleApp" */;
			buildPhases = (
				323D0A46285B667B004E7559 /* Sources */,
				323D0A47285B667B004E7559 /* Frameworks */,
				323D0A48285B667B004E7559 /* Resources */,
			);
			buildRules = (
			);
			dependencies = (
			);
			name = UIKitHelpersExampleApp;
			packageProductDependencies = (
				32F4FF89285B67C8000B92B6 /* UIKitHelpers */,
			);
			productName = UIKitHelpersExampleApp;
			productReference = 323D0A4A285B667B004E7559 /* UIKitHelpersExampleApp.app */;
			productType = "com.apple.product-type.application";
		};
		323D0A5F285B667C004E7559 /* UIKitHelpersExampleAppTests */ = {
			isa = PBXNativeTarget;
			buildConfigurationList = 323D0A77285B667C004E7559 /* Build configuration list for PBXNativeTarget "UIKitHelpersExampleAppTests" */;
			buildPhases = (
				323D0A5C285B667C004E7559 /* Sources */,
				323D0A5D285B667C004E7559 /* Frameworks */,
				323D0A5E285B667C004E7559 /* Resources */,
			);
			buildRules = (
			);
			dependencies = (
				323D0A62285B667C004E7559 /* PBXTargetDependency */,
			);
			name = UIKitHelpersExampleAppTests;
			productName = UIKitHelpersExampleAppTests;
			productReference = 323D0A60285B667C004E7559 /* UIKitHelpersExampleAppTests.xctest */;
			productType = "com.apple.product-type.bundle.unit-test";
		};
/* End PBXNativeTarget section */

/* Begin PBXProject section */
		323D0A42285B667B004E7559 /* Project object */ = {
			isa = PBXProject;
			attributes = {
				BuildIndependentTargetsInParallel = 1;
				LastSwiftUpdateCheck = 1340;
				LastUpgradeCheck = 1340;
				TargetAttributes = {
					323D0A49285B667B004E7559 = {
						CreatedOnToolsVersion = 13.4.1;
					};
					323D0A5F285B667C004E7559 = {
						CreatedOnToolsVersion = 13.4.1;
						TestTargetID = 323D0A49285B667B004E7559;
					};
				};
			};
			buildConfigurationList = 323D0A45285B667B004E7559 /* Build configuration list for PBXProject "UIKitHelpersExampleApp" */;
			compatibilityVersion = "Xcode 13.0";
			developmentRegion = en;
			hasScannedForEncodings = 0;
			knownRegions = (
				en,
				Base,
			);
			mainGroup = 323D0A41285B667B004E7559;
			productRefGroup = 323D0A4B285B667B004E7559 /* Products */;
			projectDirPath = "";
			projectRoot = "";
			targets = (
				323D0A49285B667B004E7559 /* UIKitHelpersExampleApp */,
				323D0A5F285B667C004E7559 /* UIKitHelpersExampleAppTests */,
			);
		};
/* End PBXProject section */

/* Begin PBXResourcesBuildPhase section */
		323D0A48285B667B004E7559 /* Resources */ = {
			isa = PBXResourcesBuildPhase;
			buildActionMask = 2147483647;
			files = (
				323D0A5A285B667C004E7559 /* LaunchScreen.storyboard in Resources */,
				323D0A57285B667C004E7559 /* Assets.xcassets in Resources */,
			);
			runOnlyForDeploymentPostprocessing = 0;
		};
		323D0A5E285B667C004E7559 /* Resources */ = {
			isa = PBXResourcesBuildPhase;
			buildActionMask = 2147483647;
			files = (
			);
			runOnlyForDeploymentPostprocessing = 0;
		};
/* End PBXResourcesBuildPhase section */

/* Begin PBXSourcesBuildPhase section */
		323D0A46285B667B004E7559 /* Sources */ = {
			isa = PBXSourcesBuildPhase;
			buildActionMask = 2147483647;
			files = (
				323D0A52285B667B004E7559 /* ViewController.swift in Sources */,
				323D0A4E285B667B004E7559 /* AppDelegate.swift in Sources */,
			);
			runOnlyForDeploymentPostprocessing = 0;
		};
		323D0A5C285B667C004E7559 /* Sources */ = {
			isa = PBXSourcesBuildPhase;
			buildActionMask = 2147483647;
			files = (
				323D0A65285B667C004E7559 /* UIKitHelpersExampleAppTests.swift in Sources */,
			);
			runOnlyForDeploymentPostprocessing = 0;
		};
/* End PBXSourcesBuildPhase section */

/* Begin PBXTargetDependency section */
		323D0A62285B667C004E7559 /* PBXTargetDependency */ = {
			isa = PBXTargetDependency;
			target = 323D0A49285B667B004E7559 /* UIKitHelpersExampleApp */;
			targetProxy = 323D0A61285B667C004E7559 /* PBXContainerItemProxy */;
		};
/* End PBXTargetDependency section */

/* Begin PBXVariantGroup section */
		323D0A58285B667C004E7559 /* LaunchScreen.storyboard */ = {
			isa = PBXVariantGroup;
			children = (
				323D0A59285B667C004E7559 /* Base */,
			);
			name = LaunchScreen.storyboard;
			sourceTree = "<group>";
		};
/* End PBXVariantGroup section */

/* Begin XCBuildConfiguration section */
		323D0A72285B667C004E7559 /* Debug */ = {
			isa = XCBuildConfiguration;
			buildSettings = {
				ALWAYS_SEARCH_USER_PATHS = NO;
				CLANG_ANALYZER_NONNULL = YES;
				CLANG_ANALYZER_NUMBER_OBJECT_CONVERSION = YES_AGGRESSIVE;
				CLANG_CXX_LANGUAGE_STANDARD = "gnu++17";
				CLANG_ENABLE_MODULES = YES;
				CLANG_ENABLE_OBJC_ARC = YES;
				CLANG_ENABLE_OBJC_WEAK = YES;
				CLANG_WARN_BLOCK_CAPTURE_AUTORELEASING = YES;
				CLANG_WARN_BOOL_CONVERSION = YES;
				CLANG_WARN_COMMA = YES;
				CLANG_WARN_CONSTANT_CONVERSION = YES;
				CLANG_WARN_DEPRECATED_OBJC_IMPLEMENTATIONS = YES;
				CLANG_WARN_DIRECT_OBJC_ISA_USAGE = YES_ERROR;
				CLANG_WARN_DOCUMENTATION_COMMENTS = YES;
				CLANG_WARN_EMPTY_BODY = YES;
				CLANG_WARN_ENUM_CONVERSION = YES;
				CLANG_WARN_INFINITE_RECURSION = YES;
				CLANG_WARN_INT_CONVERSION = YES;
				CLANG_WARN_NON_LITERAL_NULL_CONVERSION = YES;
				CLANG_WARN_OBJC_IMPLICIT_RETAIN_SELF = YES;
				CLANG_WARN_OBJC_LITERAL_CONVERSION = YES;
				CLANG_WARN_OBJC_ROOT_CLASS = YES_ERROR;
				CLANG_WARN_QUOTED_INCLUDE_IN_FRAMEWORK_HEADER = YES;
				CLANG_WARN_RANGE_LOOP_ANALYSIS = YES;
				CLANG_WARN_STRICT_PROTOTYPES = YES;
				CLANG_WARN_SUSPICIOUS_MOVE = YES;
				CLANG_WARN_UNGUARDED_AVAILABILITY = YES_AGGRESSIVE;
				CLANG_WARN_UNREACHABLE_CODE = YES;
				CLANG_WARN__DUPLICATE_METHOD_MATCH = YES;
				COPY_PHASE_STRIP = NO;
				DEBUG_INFORMATION_FORMAT = dwarf;
				ENABLE_STRICT_OBJC_MSGSEND = YES;
				ENABLE_TESTABILITY = YES;
				GCC_C_LANGUAGE_STANDARD = gnu11;
				GCC_DYNAMIC_NO_PIC = NO;
				GCC_NO_COMMON_BLOCKS = YES;
				GCC_OPTIMIZATION_LEVEL = 0;
				GCC_PREPROCESSOR_DEFINITIONS = (
					"DEBUG=1",
					"$(inherited)",
				);
				GCC_WARN_64_TO_32_BIT_CONVERSION = YES;
				GCC_WARN_ABOUT_RETURN_TYPE = YES_ERROR;
				GCC_WARN_UNDECLARED_SELECTOR = YES;
				GCC_WARN_UNINITIALIZED_AUTOS = YES_AGGRESSIVE;
				GCC_WARN_UNUSED_FUNCTION = YES;
				GCC_WARN_UNUSED_VARIABLE = YES;
				IPHONEOS_DEPLOYMENT_TARGET = 15.5;
				MTL_ENABLE_DEBUG_INFO = INCLUDE_SOURCE;
				MTL_FAST_MATH = YES;
				ONLY_ACTIVE_ARCH = YES;
				SDKROOT = iphoneos;
				SWIFT_ACTIVE_COMPILATION_CONDITIONS = DEBUG;
				SWIFT_OPTIMIZATION_LEVEL = "-Onone";
			};
			name = Debug;
		};
		323D0A73285B667C004E7559 /* Release */ = {
			isa = XCBuildConfiguration;
			buildSettings = {
				ALWAYS_SEARCH_USER_PATHS = NO;
				CLANG_ANALYZER_NONNULL = YES;
				CLANG_ANALYZER_NUMBER_OBJECT_CONVERSION = YES_AGGRESSIVE;
				CLANG_CXX_LANGUAGE_STANDARD = "gnu++17";
				CLANG_ENABLE_MODULES = YES;
				CLANG_ENABLE_OBJC_ARC = YES;
				CLANG_ENABLE_OBJC_WEAK = YES;
				CLANG_WARN_BLOCK_CAPTURE_AUTORELEASING = YES;
				CLANG_WARN_BOOL_CONVERSION = YES;
				CLANG_WARN_COMMA = YES;
				CLANG_WARN_CONSTANT_CONVERSION = YES;
				CLANG_WARN_DEPRECATED_OBJC_IMPLEMENTATIONS = YES;
				CLANG_WARN_DIRECT_OBJC_ISA_USAGE = YES_ERROR;
				CLANG_WARN_DOCUMENTATION_COMMENTS = YES;
				CLANG_WARN_EMPTY_BODY = YES;
				CLANG_WARN_ENUM_CONVERSION = YES;
				CLANG_WARN_INFINITE_RECURSION = YES;
				CLANG_WARN_INT_CONVERSION = YES;
				CLANG_WARN_NON_LITERAL_NULL_CONVERSION = YES;
				CLANG_WARN_OBJC_IMPLICIT_RETAIN_SELF = YES;
				CLANG_WARN_OBJC_LITERAL_CONVERSION = YES;
				CLANG_WARN_OBJC_ROOT_CLASS = YES_ERROR;
				CLANG_WARN_QUOTED_INCLUDE_IN_FRAMEWORK_HEADER = YES;
				CLANG_WARN_RANGE_LOOP_ANALYSIS = YES;
				CLANG_WARN_STRICT_PROTOTYPES = YES;
				CLANG_WARN_SUSPICIOUS_MOVE = YES;
				CLANG_WARN_UNGUARDED_AVAILABILITY = YES_AGGRESSIVE;
				CLANG_WARN_UNREACHABLE_CODE = YES;
				CLANG_WARN__DUPLICATE_METHOD_MATCH = YES;
				COPY_PHASE_STRIP = NO;
				DEBUG_INFORMATION_FORMAT = "dwarf-with-dsym";
				ENABLE_NS_ASSERTIONS = NO;
				ENABLE_STRICT_OBJC_MSGSEND = YES;
				GCC_C_LANGUAGE_STANDARD = gnu11;
				GCC_NO_COMMON_BLOCKS = YES;
				GCC_WARN_64_TO_32_BIT_CONVERSION = YES;
				GCC_WARN_ABOUT_RETURN_TYPE = YES_ERROR;
				GCC_WARN_UNDECLARED_SELECTOR = YES;
				GCC_WARN_UNINITIALIZED_AUTOS = YES_AGGRESSIVE;
				GCC_WARN_UNUSED_FUNCTION = YES;
				GCC_WARN_UNUSED_VARIABLE = YES;
				IPHONEOS_DEPLOYMENT_TARGET = 15.5;
				MTL_ENABLE_DEBUG_INFO = NO;
				MTL_FAST_MATH = YES;
				SDKROOT = iphoneos;
				SWIFT_COMPILATION_MODE = wholemodule;
				SWIFT_OPTIMIZATION_LEVEL = "-O";
				VALIDATE_PRODUCT = YES;
			};
			name = Release;
		};
		323D0A75285B667C004E7559 /* Debug */ = {
			isa = XCBuildConfiguration;
			buildSettings = {
				ASSETCATALOG_COMPILER_APPICON_NAME = AppIcon;
				ASSETCATALOG_COMPILER_GLOBAL_ACCENT_COLOR_NAME = AccentColor;
				CODE_SIGN_STYLE = Automatic;
				CURRENT_PROJECT_VERSION = 1;
				DEVELOPMENT_TEAM = QZFM89TWR4;
				GENERATE_INFOPLIST_FILE = YES;
				INFOPLIST_FILE = UIKitHelpersExampleApp/Info.plist;
				INFOPLIST_KEY_UIApplicationSupportsIndirectInputEvents = YES;
				INFOPLIST_KEY_UILaunchStoryboardName = LaunchScreen;
				INFOPLIST_KEY_UISupportedInterfaceOrientations_iPad = "UIInterfaceOrientationPortrait UIInterfaceOrientationPortraitUpsideDown UIInterfaceOrientationLandscapeLeft UIInterfaceOrientationLandscapeRight";
				INFOPLIST_KEY_UISupportedInterfaceOrientations_iPhone = "UIInterfaceOrientationPortrait UIInterfaceOrientationLandscapeLeft UIInterfaceOrientationLandscapeRight";
				LD_RUNPATH_SEARCH_PATHS = (
					"$(inherited)",
					"@executable_path/Frameworks",
				);
				MARKETING_VERSION = 1.0;
				PRODUCT_BUNDLE_IDENTIFIER = mdb1.UIKitHelpersExampleApp;
				PRODUCT_NAME = "$(TARGET_NAME)";
				SWIFT_EMIT_LOC_STRINGS = YES;
				SWIFT_VERSION = 5.0;
				TARGETED_DEVICE_FAMILY = "1,2";
			};
			name = Debug;
		};
		323D0A76285B667C004E7559 /* Release */ = {
			isa = XCBuildConfiguration;
			buildSettings = {
				ASSETCATALOG_COMPILER_APPICON_NAME = AppIcon;
				ASSETCATALOG_COMPILER_GLOBAL_ACCENT_COLOR_NAME = AccentColor;
				CODE_SIGN_STYLE = Automatic;
				CURRENT_PROJECT_VERSION = 1;
				DEVELOPMENT_TEAM = QZFM89TWR4;
				GENERATE_INFOPLIST_FILE = YES;
				INFOPLIST_FILE = UIKitHelpersExampleApp/Info.plist;
				INFOPLIST_KEY_UIApplicationSupportsIndirectInputEvents = YES;
				INFOPLIST_KEY_UILaunchStoryboardName = LaunchScreen;
				INFOPLIST_KEY_UISupportedInterfaceOrientations_iPad = "UIInterfaceOrientationPortrait UIInterfaceOrientationPortraitUpsideDown UIInterfaceOrientationLandscapeLeft UIInterfaceOrientationLandscapeRight";
				INFOPLIST_KEY_UISupportedInterfaceOrientations_iPhone = "UIInterfaceOrientationPortrait UIInterfaceOrientationLandscapeLeft UIInterfaceOrientationLandscapeRight";
				LD_RUNPATH_SEARCH_PATHS = (
					"$(inherited)",
					"@executable_path/Frameworks",
				);
				MARKETING_VERSION = 1.0;
				PRODUCT_BUNDLE_IDENTIFIER = mdb1.UIKitHelpersExampleApp;
				PRODUCT_NAME = "$(TARGET_NAME)";
				SWIFT_EMIT_LOC_STRINGS = YES;
				SWIFT_VERSION = 5.0;
				TARGETED_DEVICE_FAMILY = "1,2";
			};
			name = Release;
		};
		323D0A78285B667C004E7559 /* Debug */ = {
			isa = XCBuildConfiguration;
			buildSettings = {
				ALWAYS_EMBED_SWIFT_STANDARD_LIBRARIES = YES;
				BUNDLE_LOADER = "$(TEST_HOST)";
				CODE_SIGN_STYLE = Automatic;
				CURRENT_PROJECT_VERSION = 1;
				DEVELOPMENT_TEAM = QZFM89TWR4;
				GENERATE_INFOPLIST_FILE = YES;
				IPHONEOS_DEPLOYMENT_TARGET = 15.5;
				MARKETING_VERSION = 1.0;
				PRODUCT_BUNDLE_IDENTIFIER = mdb1.UIKitHelpersExampleAppTests;
				PRODUCT_NAME = "$(TARGET_NAME)";
				SWIFT_EMIT_LOC_STRINGS = NO;
				SWIFT_VERSION = 5.0;
				TARGETED_DEVICE_FAMILY = "1,2";
				TEST_HOST = "$(BUILT_PRODUCTS_DIR)/UIKitHelpersExampleApp.app/UIKitHelpersExampleApp";
			};
			name = Debug;
		};
		323D0A79285B667C004E7559 /* Release */ = {
			isa = XCBuildConfiguration;
			buildSettings = {
				ALWAYS_EMBED_SWIFT_STANDARD_LIBRARIES = YES;
				BUNDLE_LOADER = "$(TEST_HOST)";
				CODE_SIGN_STYLE = Automatic;
				CURRENT_PROJECT_VERSION = 1;
				DEVELOPMENT_TEAM = QZFM89TWR4;
				GENERATE_INFOPLIST_FILE = YES;
				IPHONEOS_DEPLOYMENT_TARGET = 15.5;
				MARKETING_VERSION = 1.0;
				PRODUCT_BUNDLE_IDENTIFIER = mdb1.UIKitHelpersExampleAppTests;
				PRODUCT_NAME = "$(TARGET_NAME)";
				SWIFT_EMIT_LOC_STRINGS = NO;
				SWIFT_VERSION = 5.0;
				TARGETED_DEVICE_FAMILY = "1,2";
				TEST_HOST = "$(BUILT_PRODUCTS_DIR)/UIKitHelpersExampleApp.app/UIKitHelpersExampleApp";
			};
			name = Release;
		};
/* End XCBuildConfiguration section */

/* Begin XCConfigurationList section */
		323D0A45285B667B004E7559 /* Build configuration list for PBXProject "UIKitHelpersExampleApp" */ = {
			isa = XCConfigurationList;
			buildConfigurations = (
				323D0A72285B667C004E7559 /* Debug */,
				323D0A73285B667C004E7559 /* Release */,
			);
			defaultConfigurationIsVisible = 0;
			defaultConfigurationName = Release;
		};
		323D0A74285B667C004E7559 /* Build configuration list for PBXNativeTarget "UIKitHelpersExampleApp" */ = {
			isa = XCConfigurationList;
			buildConfigurations = (
				323D0A75285B667C004E7559 /* Debug */,
				323D0A76285B667C004E7559 /* Release */,
			);
			defaultConfigurationIsVisible = 0;
			defaultConfigurationName = Release;
		};
		323D0A77285B667C004E7559 /* Build configuration list for PBXNativeTarget "UIKitHelpersExampleAppTests" */ = {
			isa = XCConfigurationList;
			buildConfigurations = (
				323D0A78285B667C004E7559 /* Debug */,
				323D0A79285B667C004E7559 /* Release */,
			);
			defaultConfigurationIsVisible = 0;
			defaultConfigurationName = Release;
		};
/* End XCConfigurationList section */

/* Begin XCSwiftPackageProductDependency section */
		32F4FF89285B67C8000B92B6 /* UIKitHelpers */ = {
			isa = XCSwiftPackageProductDependency;
			productName = UIKitHelpers;
		};
/* End XCSwiftPackageProductDependency section */
	};
	rootObject = 323D0A42285B667B004E7559 /* Project object */;
}
